
Microsoft Visual Studio Solution File, Format Version 12.00
# Visual Studio Version 17
VisualStudioVersion = 17.7.34031.279
MinimumVisualStudioVersion = 10.0.40219.1
Project("{FAE04EC0-301F-11D3-BF4B-00C04F79EFBC}") = "MVCAdamBalej", "MVCAdamBalej.csproj", "{5730ABA0-CC66-4B32-870C-A805E29D161E}"
EndProject
Global
	GlobalSection(SolutionConfigurationPlatforms) = preSolution
		Debug|Any CPU = Debug|Any CPU
		Release|Any CPU = Release|Any CPU
	EndGlobalSection
	GlobalSection(ProjectConfigurationPlatforms) = postSolution
		{5730ABA0-CC66-4B32-870C-A805E29D161E}.Debug|Any CPU.ActiveCfg = Debug|Any CPU
		{5730ABA0-CC66-4B32-870C-A805E29D161E}.Debug|Any CPU.Build.0 = Debug|Any CPU
		{5730ABA0-CC66-4B32-870C-A805E29D161E}.Release|Any CPU.ActiveCfg = Release|Any CPU
		{5730ABA0-CC66-4B32-870C-A805E29D161E}.Release|Any CPU.Build.0 = Release|Any CPU
	EndGlobalSection
	GlobalSection(SolutionProperties) = preSolution
		HideSolutionNode = FALSE
	EndGlobalSection
	GlobalSection(ExtensibilityGlobals) = postSolution
		SolutionGuid = {DCECF941-FE68-491F-88D2-3A2C9C3511BB}
	EndGlobalSection
EndGlobal
